// !$*UTF8*$!
{
	archiveVersion = 1;
	classes = {
	};
	objectVersion = 56;
	objects = {

/* Begin PBXBuildFile section */
		7C1E49A02C710F4900082C98 /* MovieCellProtocol.swift in Sources */ = {isa = PBXBuildFile; fileRef = 7C1E499F2C710F4900082C98 /* MovieCellProtocol.swift */; };
		7C1E49A62C71176F00082C98 /* StringDebouncerTests.swift in Sources */ = {isa = PBXBuildFile; fileRef = 7C1E49A52C71176F00082C98 /* StringDebouncerTests.swift */; };
		7C1E49A82C71191200082C98 /* ValueSubscriberTests.swift in Sources */ = {isa = PBXBuildFile; fileRef = 7C1E49A72C71191200082C98 /* ValueSubscriberTests.swift */; };
		7C1E49AB2C711A2800082C98 /* MovieSearchViewModelTests.swift in Sources */ = {isa = PBXBuildFile; fileRef = 7C1E49AA2C711A2800082C98 /* MovieSearchViewModelTests.swift */; };
		7C1E49AE2C711ABD00082C98 /* star_search_result_second.json in Resources */ = {isa = PBXBuildFile; fileRef = 7C1E49AD2C711ABD00082C98 /* star_search_result_second.json */; };
		7C1E49B12C7121A000082C98 /* OMDbAPIFailingTests.swift in Sources */ = {isa = PBXBuildFile; fileRef = 7C1E49B02C7121A000082C98 /* OMDbAPIFailingTests.swift */; };
		7C1E49B42C7122FF00082C98 /* OMDbAPITests.swift in Sources */ = {isa = PBXBuildFile; fileRef = 7C1E49B32C7122FF00082C98 /* OMDbAPITests.swift */; };
		7C1FC2812C70BBA200E868F7 /* MovieSearchViewModel.swift in Sources */ = {isa = PBXBuildFile; fileRef = 7C1FC2802C70BBA200E868F7 /* MovieSearchViewModel.swift */; };
		7C1FC2832C70C06400E868F7 /* OMDbAPI.swift in Sources */ = {isa = PBXBuildFile; fileRef = 7C1FC2822C70C06400E868F7 /* OMDbAPI.swift */; };
		7C1FC2862C70C17700E868F7 /* OMDbParamsCreator.swift in Sources */ = {isa = PBXBuildFile; fileRef = 7C1FC2852C70C17700E868F7 /* OMDbParamsCreator.swift */; };
		7C1FC28A2C70C6BF00E868F7 /* OMDbSearchRepo+Preview.swift in Sources */ = {isa = PBXBuildFile; fileRef = 7C1FC2892C70C6BF00E868F7 /* OMDbSearchRepo+Preview.swift */; };
		7C1FC28C2C70CAC300E868F7 /* StringDebouncer.swift in Sources */ = {isa = PBXBuildFile; fileRef = 7C1FC28B2C70CAC300E868F7 /* StringDebouncer.swift */; };
		7C1FC2912C70E85C00E868F7 /* UIViewController+ShowError.swift in Sources */ = {isa = PBXBuildFile; fileRef = 7C1FC2902C70E85C00E868F7 /* UIViewController+ShowError.swift */; };
		7C1FC2932C70F41600E868F7 /* MovileDetailViewController.swift in Sources */ = {isa = PBXBuildFile; fileRef = 7C1FC2922C70F41600E868F7 /* MovileDetailViewController.swift */; };
		7C1FC2952C70F7EF00E868F7 /* ValueSubscriber.swift in Sources */ = {isa = PBXBuildFile; fileRef = 7C1FC2942C70F7EF00E868F7 /* ValueSubscriber.swift */; };
		7C63190C2C6E1606009FCFDE /* AppDelegate.swift in Sources */ = {isa = PBXBuildFile; fileRef = 7C63190B2C6E1606009FCFDE /* AppDelegate.swift */; };
		7C6319152C6E1607009FCFDE /* Assets.xcassets in Resources */ = {isa = PBXBuildFile; fileRef = 7C6319142C6E1607009FCFDE /* Assets.xcassets */; };
		7C6319182C6E1607009FCFDE /* Base in Resources */ = {isa = PBXBuildFile; fileRef = 7C6319172C6E1607009FCFDE /* Base */; };
		7C63196A2C6E30B2009FCFDE /* MockedURLService.swift in Sources */ = {isa = PBXBuildFile; fileRef = 7C6319672C6E30B1009FCFDE /* MockedURLService.swift */; };
		7C63196B2C6E30B2009FCFDE /* NetworkingTests.swift in Sources */ = {isa = PBXBuildFile; fileRef = 7C6319682C6E30B1009FCFDE /* NetworkingTests.swift */; };
		7C63196C2C6E30B2009FCFDE /* MockedModel.swift in Sources */ = {isa = PBXBuildFile; fileRef = 7C6319692C6E30B1009FCFDE /* MockedModel.swift */; };
		7C6319722C6E30E8009FCFDE /* DataDecoder.swift in Sources */ = {isa = PBXBuildFile; fileRef = 7C63196E2C6E30E8009FCFDE /* DataDecoder.swift */; };
		7C6319732C6E30E8009FCFDE /* NetworkClient.swift in Sources */ = {isa = PBXBuildFile; fileRef = 7C63196F2C6E30E8009FCFDE /* NetworkClient.swift */; };
		7C6319742C6E30E8009FCFDE /* NetworkError.swift in Sources */ = {isa = PBXBuildFile; fileRef = 7C6319702C6E30E8009FCFDE /* NetworkError.swift */; };
		7C63197A2C6E33F3009FCFDE /* OMDbResponse.swift in Sources */ = {isa = PBXBuildFile; fileRef = 7C6319792C6E33F3009FCFDE /* OMDbResponse.swift */; };
		7C63197C2C6E37B1009FCFDE /* OMDbMovie.swift in Sources */ = {isa = PBXBuildFile; fileRef = 7C63197B2C6E37B1009FCFDE /* OMDbMovie.swift */; };
		7C63197F2C6E393A009FCFDE /* StatusResponse.swift in Sources */ = {isa = PBXBuildFile; fileRef = 7C63197E2C6E393A009FCFDE /* StatusResponse.swift */; };
		7C6319812C6E3955009FCFDE /* TotalResultsResponse.swift in Sources */ = {isa = PBXBuildFile; fileRef = 7C6319802C6E3955009FCFDE /* TotalResultsResponse.swift */; };
		7C6319842C6E39AD009FCFDE /* OMDbAPIConstants.swift in Sources */ = {isa = PBXBuildFile; fileRef = 7C6319832C6E39AD009FCFDE /* OMDbAPIConstants.swift */; };
		7C6319862C6E39FF009FCFDE /* OMDbSearchParams.swift in Sources */ = {isa = PBXBuildFile; fileRef = 7C6319852C6E39FF009FCFDE /* OMDbSearchParams.swift */; };
		7C6319892C6E3B05009FCFDE /* URL+Query.swift in Sources */ = {isa = PBXBuildFile; fileRef = 7C6319882C6E3B05009FCFDE /* URL+Query.swift */; };
		7C63198B2C6E3BC0009FCFDE /* ConvertableToDictionary.swift in Sources */ = {isa = PBXBuildFile; fileRef = 7C63198A2C6E3BC0009FCFDE /* ConvertableToDictionary.swift */; };
		7C63198E2C6E3C3E009FCFDE /* OMDbSearchRepo.swift in Sources */ = {isa = PBXBuildFile; fileRef = 7C63198D2C6E3C3E009FCFDE /* OMDbSearchRepo.swift */; };
		7C85EF2D2C715A2200413901 /* MovieTableViewControllerTests.swift in Sources */ = {isa = PBXBuildFile; fileRef = 7C85EF2C2C715A2200413901 /* MovieTableViewControllerTests.swift */; };
		7C85EF2F2C71647200413901 /* HorizontalMovieCollectionViewControllerTests.swift in Sources */ = {isa = PBXBuildFile; fileRef = 7C85EF2E2C71647200413901 /* HorizontalMovieCollectionViewControllerTests.swift */; };
		7C85EF332C71652000413901 /* MainViewController.swift in Sources */ = {isa = PBXBuildFile; fileRef = 7C85EF322C71652000413901 /* MainViewController.swift */; };
		7C9ABB5E2C6F725D00C55EC8 /* star_search_result_first.json in Resources */ = {isa = PBXBuildFile; fileRef = 7C9ABB5D2C6F725D00C55EC8 /* star_search_result_first.json */; };
		7C9ABB612C6F72A300C55EC8 /* OMDbSearchResponse+Mock.swift in Sources */ = {isa = PBXBuildFile; fileRef = 7C9ABB602C6F72A300C55EC8 /* OMDbSearchResponse+Mock.swift */; };
		7C9ABB632C6F72DC00C55EC8 /* MockError.swift in Sources */ = {isa = PBXBuildFile; fileRef = 7C9ABB622C6F72DC00C55EC8 /* MockError.swift */; };
		7C9ABB652C6F736100C55EC8 /* OMDbSearchRepoTests.swift in Sources */ = {isa = PBXBuildFile; fileRef = 7C9ABB642C6F736100C55EC8 /* OMDbSearchRepoTests.swift */; };
		7C9ABB672C6F73F300C55EC8 /* OMDbSearchRepo+Mock.swift in Sources */ = {isa = PBXBuildFile; fileRef = 7C9ABB662C6F73F300C55EC8 /* OMDbSearchRepo+Mock.swift */; };
		7C9ABB6A2C6F7BB500C55EC8 /* HorizontalMovieCollectionViewController.swift in Sources */ = {isa = PBXBuildFile; fileRef = 7C9ABB692C6F7BB500C55EC8 /* HorizontalMovieCollectionViewController.swift */; };
		7C9ABB6C2C6F7BD900C55EC8 /* HorizontalMovieCell.swift in Sources */ = {isa = PBXBuildFile; fileRef = 7C9ABB6B2C6F7BD900C55EC8 /* HorizontalMovieCell.swift */; };
		7C9ABB6E2C6F7D9700C55EC8 /* ImageLoader.swift in Sources */ = {isa = PBXBuildFile; fileRef = 7C9ABB6D2C6F7D9700C55EC8 /* ImageLoader.swift */; };
		7C9ABB712C6F8C7200C55EC8 /* OMDbSearchResponse+Preview.swift in Sources */ = {isa = PBXBuildFile; fileRef = 7C9ABB702C6F8C7200C55EC8 /* OMDbSearchResponse+Preview.swift */; };
		7C9ABB732C6F8E6D00C55EC8 /* OMDbMovie+Preview.swift in Sources */ = {isa = PBXBuildFile; fileRef = 7C9ABB722C6F8E6D00C55EC8 /* OMDbMovie+Preview.swift */; };
		7C9ABB792C6F9AE500C55EC8 /* AsyncImageView.swift in Sources */ = {isa = PBXBuildFile; fileRef = 7C9ABB782C6F9AE500C55EC8 /* AsyncImageView.swift */; };
		7C9ABB7B2C6F9B3E00C55EC8 /* MovieTableViewController.swift in Sources */ = {isa = PBXBuildFile; fileRef = 7C9ABB7A2C6F9B3E00C55EC8 /* MovieTableViewController.swift */; };
		7C9ABB7D2C6F9B7800C55EC8 /* MovieTableViewCell.swift in Sources */ = {isa = PBXBuildFile; fileRef = 7C9ABB7C2C6F9B7800C55EC8 /* MovieTableViewCell.swift */; };
/* End PBXBuildFile section */

/* Begin PBXContainerItemProxy section */
		7C63191F2C6E1608009FCFDE /* PBXContainerItemProxy */ = {
			isa = PBXContainerItemProxy;
			containerPortal = 7C6319002C6E1606009FCFDE /* Project object */;
			proxyType = 1;
			remoteGlobalIDString = 7C6319072C6E1606009FCFDE;
			remoteInfo = MovieChallange;
		};
/* End PBXContainerItemProxy section */

/* Begin PBXFileReference section */
		7C1E499F2C710F4900082C98 /* MovieCellProtocol.swift */ = {isa = PBXFileReference; lastKnownFileType = sourcecode.swift; path = MovieCellProtocol.swift; sourceTree = "<group>"; };
		7C1E49A52C71176F00082C98 /* StringDebouncerTests.swift */ = {isa = PBXFileReference; lastKnownFileType = sourcecode.swift; path = StringDebouncerTests.swift; sourceTree = "<group>"; };
		7C1E49A72C71191200082C98 /* ValueSubscriberTests.swift */ = {isa = PBXFileReference; lastKnownFileType = sourcecode.swift; path = ValueSubscriberTests.swift; sourceTree = "<group>"; };
		7C1E49AA2C711A2800082C98 /* MovieSearchViewModelTests.swift */ = {isa = PBXFileReference; lastKnownFileType = sourcecode.swift; path = MovieSearchViewModelTests.swift; sourceTree = "<group>"; };
		7C1E49AD2C711ABD00082C98 /* star_search_result_second.json */ = {isa = PBXFileReference; fileEncoding = 4; lastKnownFileType = text.json; path = star_search_result_second.json; sourceTree = "<group>"; };
		7C1E49AF2C711F1400082C98 /* MovieChallange.xctestplan */ = {isa = PBXFileReference; lastKnownFileType = text; path = MovieChallange.xctestplan; sourceTree = "<group>"; };
		7C1E49B02C7121A000082C98 /* OMDbAPIFailingTests.swift */ = {isa = PBXFileReference; lastKnownFileType = sourcecode.swift; path = OMDbAPIFailingTests.swift; sourceTree = "<group>"; };
		7C1E49B32C7122FF00082C98 /* OMDbAPITests.swift */ = {isa = PBXFileReference; lastKnownFileType = sourcecode.swift; path = OMDbAPITests.swift; sourceTree = "<group>"; };
		7C1FC2802C70BBA200E868F7 /* MovieSearchViewModel.swift */ = {isa = PBXFileReference; lastKnownFileType = sourcecode.swift; path = MovieSearchViewModel.swift; sourceTree = "<group>"; };
		7C1FC2822C70C06400E868F7 /* OMDbAPI.swift */ = {isa = PBXFileReference; lastKnownFileType = sourcecode.swift; path = OMDbAPI.swift; sourceTree = "<group>"; };
		7C1FC2852C70C17700E868F7 /* OMDbParamsCreator.swift */ = {isa = PBXFileReference; lastKnownFileType = sourcecode.swift; path = OMDbParamsCreator.swift; sourceTree = "<group>"; };
		7C1FC2892C70C6BF00E868F7 /* OMDbSearchRepo+Preview.swift */ = {isa = PBXFileReference; lastKnownFileType = sourcecode.swift; path = "OMDbSearchRepo+Preview.swift"; sourceTree = "<group>"; };
		7C1FC28B2C70CAC300E868F7 /* StringDebouncer.swift */ = {isa = PBXFileReference; lastKnownFileType = sourcecode.swift; path = StringDebouncer.swift; sourceTree = "<group>"; };
		7C1FC2902C70E85C00E868F7 /* UIViewController+ShowError.swift */ = {isa = PBXFileReference; lastKnownFileType = sourcecode.swift; path = "UIViewController+ShowError.swift"; sourceTree = "<group>"; };
		7C1FC2922C70F41600E868F7 /* MovileDetailViewController.swift */ = {isa = PBXFileReference; lastKnownFileType = sourcecode.swift; path = MovileDetailViewController.swift; sourceTree = "<group>"; };
		7C1FC2942C70F7EF00E868F7 /* ValueSubscriber.swift */ = {isa = PBXFileReference; lastKnownFileType = sourcecode.swift; path = ValueSubscriber.swift; sourceTree = "<group>"; };
		7C6319082C6E1606009FCFDE /* MovieChallange.app */ = {isa = PBXFileReference; explicitFileType = wrapper.application; includeInIndex = 0; path = MovieChallange.app; sourceTree = BUILT_PRODUCTS_DIR; };
		7C63190B2C6E1606009FCFDE /* AppDelegate.swift */ = {isa = PBXFileReference; lastKnownFileType = sourcecode.swift; path = AppDelegate.swift; sourceTree = "<group>"; };
		7C6319142C6E1607009FCFDE /* Assets.xcassets */ = {isa = PBXFileReference; lastKnownFileType = folder.assetcatalog; path = Assets.xcassets; sourceTree = "<group>"; };
		7C6319172C6E1607009FCFDE /* Base */ = {isa = PBXFileReference; lastKnownFileType = file.storyboard; name = Base; path = Base.lproj/LaunchScreen.storyboard; sourceTree = "<group>"; };
		7C6319192C6E1607009FCFDE /* Info.plist */ = {isa = PBXFileReference; lastKnownFileType = text.plist.xml; path = Info.plist; sourceTree = "<group>"; };
		7C63191E2C6E1608009FCFDE /* MovieChallangeTests.xctest */ = {isa = PBXFileReference; explicitFileType = wrapper.cfbundle; includeInIndex = 0; path = MovieChallangeTests.xctest; sourceTree = BUILT_PRODUCTS_DIR; };
		7C6319672C6E30B1009FCFDE /* MockedURLService.swift */ = {isa = PBXFileReference; fileEncoding = 4; lastKnownFileType = sourcecode.swift; path = MockedURLService.swift; sourceTree = "<group>"; };
		7C6319682C6E30B1009FCFDE /* NetworkingTests.swift */ = {isa = PBXFileReference; fileEncoding = 4; lastKnownFileType = sourcecode.swift; path = NetworkingTests.swift; sourceTree = "<group>"; };
		7C6319692C6E30B1009FCFDE /* MockedModel.swift */ = {isa = PBXFileReference; fileEncoding = 4; lastKnownFileType = sourcecode.swift; path = MockedModel.swift; sourceTree = "<group>"; };
		7C63196E2C6E30E8009FCFDE /* DataDecoder.swift */ = {isa = PBXFileReference; fileEncoding = 4; lastKnownFileType = sourcecode.swift; path = DataDecoder.swift; sourceTree = "<group>"; };
		7C63196F2C6E30E8009FCFDE /* NetworkClient.swift */ = {isa = PBXFileReference; fileEncoding = 4; lastKnownFileType = sourcecode.swift; path = NetworkClient.swift; sourceTree = "<group>"; };
		7C6319702C6E30E8009FCFDE /* NetworkError.swift */ = {isa = PBXFileReference; fileEncoding = 4; lastKnownFileType = sourcecode.swift; path = NetworkError.swift; sourceTree = "<group>"; };
		7C6319792C6E33F3009FCFDE /* OMDbResponse.swift */ = {isa = PBXFileReference; lastKnownFileType = sourcecode.swift; path = OMDbResponse.swift; sourceTree = "<group>"; };
		7C63197B2C6E37B1009FCFDE /* OMDbMovie.swift */ = {isa = PBXFileReference; lastKnownFileType = sourcecode.swift; path = OMDbMovie.swift; sourceTree = "<group>"; };
		7C63197E2C6E393A009FCFDE /* StatusResponse.swift */ = {isa = PBXFileReference; lastKnownFileType = sourcecode.swift; path = StatusResponse.swift; sourceTree = "<group>"; };
		7C6319802C6E3955009FCFDE /* TotalResultsResponse.swift */ = {isa = PBXFileReference; lastKnownFileType = sourcecode.swift; path = TotalResultsResponse.swift; sourceTree = "<group>"; };
		7C6319832C6E39AD009FCFDE /* OMDbAPIConstants.swift */ = {isa = PBXFileReference; lastKnownFileType = sourcecode.swift; path = OMDbAPIConstants.swift; sourceTree = "<group>"; };
		7C6319852C6E39FF009FCFDE /* OMDbSearchParams.swift */ = {isa = PBXFileReference; lastKnownFileType = sourcecode.swift; path = OMDbSearchParams.swift; sourceTree = "<group>"; };
		7C6319882C6E3B05009FCFDE /* URL+Query.swift */ = {isa = PBXFileReference; lastKnownFileType = sourcecode.swift; path = "URL+Query.swift"; sourceTree = "<group>"; };
		7C63198A2C6E3BC0009FCFDE /* ConvertableToDictionary.swift */ = {isa = PBXFileReference; lastKnownFileType = sourcecode.swift; path = ConvertableToDictionary.swift; sourceTree = "<group>"; };
		7C63198D2C6E3C3E009FCFDE /* OMDbSearchRepo.swift */ = {isa = PBXFileReference; lastKnownFileType = sourcecode.swift; path = OMDbSearchRepo.swift; sourceTree = "<group>"; };
		7C85EF2C2C715A2200413901 /* MovieTableViewControllerTests.swift */ = {isa = PBXFileReference; lastKnownFileType = sourcecode.swift; path = MovieTableViewControllerTests.swift; sourceTree = "<group>"; };
		7C85EF2E2C71647200413901 /* HorizontalMovieCollectionViewControllerTests.swift */ = {isa = PBXFileReference; fileEncoding = 4; lastKnownFileType = sourcecode.swift; path = HorizontalMovieCollectionViewControllerTests.swift; sourceTree = "<group>"; };
		7C85EF322C71652000413901 /* MainViewController.swift */ = {isa = PBXFileReference; fileEncoding = 4; lastKnownFileType = sourcecode.swift; path = MainViewController.swift; sourceTree = "<group>"; };
		7C9ABB5D2C6F725D00C55EC8 /* star_search_result_first.json */ = {isa = PBXFileReference; fileEncoding = 4; lastKnownFileType = text.json; path = star_search_result_first.json; sourceTree = "<group>"; };
		7C9ABB602C6F72A300C55EC8 /* OMDbSearchResponse+Mock.swift */ = {isa = PBXFileReference; lastKnownFileType = sourcecode.swift; path = "OMDbSearchResponse+Mock.swift"; sourceTree = "<group>"; };
		7C9ABB622C6F72DC00C55EC8 /* MockError.swift */ = {isa = PBXFileReference; lastKnownFileType = sourcecode.swift; path = MockError.swift; sourceTree = "<group>"; };
		7C9ABB642C6F736100C55EC8 /* OMDbSearchRepoTests.swift */ = {isa = PBXFileReference; lastKnownFileType = sourcecode.swift; path = OMDbSearchRepoTests.swift; sourceTree = "<group>"; };
		7C9ABB662C6F73F300C55EC8 /* OMDbSearchRepo+Mock.swift */ = {isa = PBXFileReference; lastKnownFileType = sourcecode.swift; path = "OMDbSearchRepo+Mock.swift"; sourceTree = "<group>"; };
		7C9ABB692C6F7BB500C55EC8 /* HorizontalMovieCollectionViewController.swift */ = {isa = PBXFileReference; lastKnownFileType = sourcecode.swift; path = HorizontalMovieCollectionViewController.swift; sourceTree = "<group>"; };
		7C9ABB6B2C6F7BD900C55EC8 /* HorizontalMovieCell.swift */ = {isa = PBXFileReference; lastKnownFileType = sourcecode.swift; path = HorizontalMovieCell.swift; sourceTree = "<group>"; };
		7C9ABB6D2C6F7D9700C55EC8 /* ImageLoader.swift */ = {isa = PBXFileReference; lastKnownFileType = sourcecode.swift; path = ImageLoader.swift; sourceTree = "<group>"; };
		7C9ABB702C6F8C7200C55EC8 /* OMDbSearchResponse+Preview.swift */ = {isa = PBXFileReference; lastKnownFileType = sourcecode.swift; path = "OMDbSearchResponse+Preview.swift"; sourceTree = "<group>"; };
		7C9ABB722C6F8E6D00C55EC8 /* OMDbMovie+Preview.swift */ = {isa = PBXFileReference; lastKnownFileType = sourcecode.swift; path = "OMDbMovie+Preview.swift"; sourceTree = "<group>"; };
		7C9ABB782C6F9AE500C55EC8 /* AsyncImageView.swift */ = {isa = PBXFileReference; lastKnownFileType = sourcecode.swift; path = AsyncImageView.swift; sourceTree = "<group>"; };
		7C9ABB7A2C6F9B3E00C55EC8 /* MovieTableViewController.swift */ = {isa = PBXFileReference; lastKnownFileType = sourcecode.swift; path = MovieTableViewController.swift; sourceTree = "<group>"; };
		7C9ABB7C2C6F9B7800C55EC8 /* MovieTableViewCell.swift */ = {isa = PBXFileReference; lastKnownFileType = sourcecode.swift; path = MovieTableViewCell.swift; sourceTree = "<group>"; };
/* End PBXFileReference section */

/* Begin PBXFrameworksBuildPhase section */
		7C6319052C6E1606009FCFDE /* Frameworks */ = {
			isa = PBXFrameworksBuildPhase;
			buildActionMask = 2147483647;
			files = (
			);
			runOnlyForDeploymentPostprocessing = 0;
		};
		7C63191B2C6E1608009FCFDE /* Frameworks */ = {
			isa = PBXFrameworksBuildPhase;
			buildActionMask = 2147483647;
			files = (
			);
			runOnlyForDeploymentPostprocessing = 0;
		};
/* End PBXFrameworksBuildPhase section */

/* Begin PBXGroup section */
		7C1E49A12C71152400082C98 /* Table */ = {
			isa = PBXGroup;
			children = (
				7C9ABB7A2C6F9B3E00C55EC8 /* MovieTableViewController.swift */,
				7C9ABB7C2C6F9B7800C55EC8 /* MovieTableViewCell.swift */,
			);
			path = Table;
			sourceTree = "<group>";
		};
		7C1E49A22C71152A00082C98 /* Horizontal */ = {
			isa = PBXGroup;
			children = (
				7C9ABB692C6F7BB500C55EC8 /* HorizontalMovieCollectionViewController.swift */,
				7C9ABB6B2C6F7BD900C55EC8 /* HorizontalMovieCell.swift */,
			);
			path = Horizontal;
			sourceTree = "<group>";
		};
		7C1E49A32C71153300082C98 /* Common */ = {
			isa = PBXGroup;
			children = (
				7C1E499F2C710F4900082C98 /* MovieCellProtocol.swift */,
			);
			path = Common;
			sourceTree = "<group>";
		};
		7C1E49A42C71154100082C98 /* ViewModel */ = {
			isa = PBXGroup;
			children = (
				7C1FC2802C70BBA200E868F7 /* MovieSearchViewModel.swift */,
			);
			path = ViewModel;
			sourceTree = "<group>";
		};
		7C1E49B22C7122E600082C98 /* OMDbAPI */ = {
			isa = PBXGroup;
			children = (
				7C1E49B02C7121A000082C98 /* OMDbAPIFailingTests.swift */,
				7C1E49B32C7122FF00082C98 /* OMDbAPITests.swift */,
			);
			path = OMDbAPI;
			sourceTree = "<group>";
		};
		7C1FC28D2C70D93E00E868F7 /* Extensions */ = {
			isa = PBXGroup;
			children = (
				7C1FC2902C70E85C00E868F7 /* UIViewController+ShowError.swift */,
			);
			path = Extensions;
			sourceTree = "<group>";
		};
		7C6318FF2C6E1606009FCFDE = {
			isa = PBXGroup;
			children = (
				7C1E49AF2C711F1400082C98 /* MovieChallange.xctestplan */,
				7C6319752C6E3208009FCFDE /* OMDbAPI */,
				7C6319712C6E30E8009FCFDE /* Networking */,
				7C63190A2C6E1606009FCFDE /* MovieChallange */,
				7C6319212C6E1608009FCFDE /* MovieChallangeTests */,
				7C6319092C6E1606009FCFDE /* Products */,
				7C63195C2C6E2EF8009FCFDE /* Frameworks */,
			);
			sourceTree = "<group>";
		};
		7C6319092C6E1606009FCFDE /* Products */ = {
			isa = PBXGroup;
			children = (
				7C6319082C6E1606009FCFDE /* MovieChallange.app */,
				7C63191E2C6E1608009FCFDE /* MovieChallangeTests.xctest */,
			);
			name = Products;
			sourceTree = "<group>";
		};
		7C63190A2C6E1606009FCFDE /* MovieChallange */ = {
			isa = PBXGroup;
			children = (
				7C1FC28D2C70D93E00E868F7 /* Extensions */,
				7C9ABB772C6F9AC600C55EC8 /* Components */,
				7C9ABB762C6F9ABF00C55EC8 /* Helpers */,
				7C9ABB6F2C6F8C4100C55EC8 /* PreviewContent */,
				7C9ABB682C6F7B0E00C55EC8 /* UI */,
				7C63190B2C6E1606009FCFDE /* AppDelegate.swift */,
				7C6319142C6E1607009FCFDE /* Assets.xcassets */,
				7C6319162C6E1607009FCFDE /* LaunchScreen.storyboard */,
				7C6319192C6E1607009FCFDE /* Info.plist */,
			);
			path = MovieChallange;
			sourceTree = "<group>";
		};
		7C6319212C6E1608009FCFDE /* MovieChallangeTests */ = {
			isa = PBXGroup;
			children = (
				7C85EF2B2C7159E800413901 /* UI */,
				7C9ABB5F2C6F728E00C55EC8 /* Mocks */,
				7C9ABB5C2C6F725600C55EC8 /* Resources */,
				7C9ABB5B2C6F722E00C55EC8 /* OMDbSearchRepo */,
				7C6319662C6E3099009FCFDE /* Networking */,
				7C1E49A52C71176F00082C98 /* StringDebouncerTests.swift */,
				7C1E49A72C71191200082C98 /* ValueSubscriberTests.swift */,
				7C1E49AA2C711A2800082C98 /* MovieSearchViewModelTests.swift */,
				7C1E49B22C7122E600082C98 /* OMDbAPI */,
			);
			path = MovieChallangeTests;
			sourceTree = "<group>";
		};
		7C63195C2C6E2EF8009FCFDE /* Frameworks */ = {
			isa = PBXGroup;
			children = (
			);
			name = Frameworks;
			sourceTree = "<group>";
		};
		7C6319662C6E3099009FCFDE /* Networking */ = {
			isa = PBXGroup;
			children = (
				7C6319692C6E30B1009FCFDE /* MockedModel.swift */,
				7C6319672C6E30B1009FCFDE /* MockedURLService.swift */,
				7C6319682C6E30B1009FCFDE /* NetworkingTests.swift */,
			);
			path = Networking;
			sourceTree = "<group>";
		};
		7C6319712C6E30E8009FCFDE /* Networking */ = {
			isa = PBXGroup;
			children = (
				7C6319872C6E3AFC009FCFDE /* Extensions */,
				7C63196E2C6E30E8009FCFDE /* DataDecoder.swift */,
				7C63196F2C6E30E8009FCFDE /* NetworkClient.swift */,
				7C6319702C6E30E8009FCFDE /* NetworkError.swift */,
			);
			path = Networking;
			sourceTree = "<group>";
		};
		7C6319752C6E3208009FCFDE /* OMDbAPI */ = {
			isa = PBXGroup;
			children = (
				7C1FC2822C70C06400E868F7 /* OMDbAPI.swift */,
				7C63198C2C6E3C20009FCFDE /* SearchRepo */,
				7C6319822C6E39A0009FCFDE /* Constants */,
				7C6319762C6E325E009FCFDE /* Models */,
				7C1FC2852C70C17700E868F7 /* OMDbParamsCreator.swift */,
			);
			path = OMDbAPI;
			sourceTree = "<group>";
		};
		7C6319762C6E325E009FCFDE /* Models */ = {
			isa = PBXGroup;
			children = (
				7C63197D2C6E3932009FCFDE /* Common */,
				7C6319792C6E33F3009FCFDE /* OMDbResponse.swift */,
				7C63197B2C6E37B1009FCFDE /* OMDbMovie.swift */,
				7C6319852C6E39FF009FCFDE /* OMDbSearchParams.swift */,
			);
			path = Models;
			sourceTree = "<group>";
		};
		7C63197D2C6E3932009FCFDE /* Common */ = {
			isa = PBXGroup;
			children = (
				7C63197E2C6E393A009FCFDE /* StatusResponse.swift */,
				7C6319802C6E3955009FCFDE /* TotalResultsResponse.swift */,
				7C63198A2C6E3BC0009FCFDE /* ConvertableToDictionary.swift */,
			);
			path = Common;
			sourceTree = "<group>";
		};
		7C6319822C6E39A0009FCFDE /* Constants */ = {
			isa = PBXGroup;
			children = (
				7C6319832C6E39AD009FCFDE /* OMDbAPIConstants.swift */,
			);
			path = Constants;
			sourceTree = "<group>";
		};
		7C6319872C6E3AFC009FCFDE /* Extensions */ = {
			isa = PBXGroup;
			children = (
				7C6319882C6E3B05009FCFDE /* URL+Query.swift */,
			);
			path = Extensions;
			sourceTree = "<group>";
		};
		7C63198C2C6E3C20009FCFDE /* SearchRepo */ = {
			isa = PBXGroup;
			children = (
				7C63198D2C6E3C3E009FCFDE /* OMDbSearchRepo.swift */,
			);
			path = SearchRepo;
			sourceTree = "<group>";
		};
		7C85EF2B2C7159E800413901 /* UI */ = {
			isa = PBXGroup;
			children = (
				7C85EF2C2C715A2200413901 /* MovieTableViewControllerTests.swift */,
				7C85EF2E2C71647200413901 /* HorizontalMovieCollectionViewControllerTests.swift */,
			);
			path = UI;
			sourceTree = "<group>";
		};
		7C9ABB5B2C6F722E00C55EC8 /* OMDbSearchRepo */ = {
			isa = PBXGroup;
			children = (
				7C9ABB642C6F736100C55EC8 /* OMDbSearchRepoTests.swift */,
			);
			path = OMDbSearchRepo;
			sourceTree = "<group>";
		};
		7C9ABB5C2C6F725600C55EC8 /* Resources */ = {
			isa = PBXGroup;
			children = (
				7C1E49AD2C711ABD00082C98 /* star_search_result_second.json */,
				7C9ABB5D2C6F725D00C55EC8 /* star_search_result_first.json */,
			);
			path = Resources;
			sourceTree = "<group>";
		};
		7C9ABB5F2C6F728E00C55EC8 /* Mocks */ = {
			isa = PBXGroup;
			children = (
				7C9ABB602C6F72A300C55EC8 /* OMDbSearchResponse+Mock.swift */,
				7C9ABB622C6F72DC00C55EC8 /* MockError.swift */,
				7C9ABB662C6F73F300C55EC8 /* OMDbSearchRepo+Mock.swift */,
			);
			path = Mocks;
			sourceTree = "<group>";
		};
		7C9ABB682C6F7B0E00C55EC8 /* UI */ = {
			isa = PBXGroup;
			children = (
				7C1E49A42C71154100082C98 /* ViewModel */,
				7C1E49A32C71153300082C98 /* Common */,
				7C1E49A22C71152A00082C98 /* Horizontal */,
				7C1E49A12C71152400082C98 /* Table */,
				7C1FC2922C70F41600E868F7 /* MovileDetailViewController.swift */,
				7C85EF322C71652000413901 /* MainViewController.swift */,
			);
			path = UI;
			sourceTree = "<group>";
		};
		7C9ABB6F2C6F8C4100C55EC8 /* PreviewContent */ = {
			isa = PBXGroup;
			children = (
				7C9ABB702C6F8C7200C55EC8 /* OMDbSearchResponse+Preview.swift */,
				7C9ABB722C6F8E6D00C55EC8 /* OMDbMovie+Preview.swift */,
				7C1FC2892C70C6BF00E868F7 /* OMDbSearchRepo+Preview.swift */,
			);
			path = PreviewContent;
			sourceTree = "<group>";
		};
		7C9ABB762C6F9ABF00C55EC8 /* Helpers */ = {
			isa = PBXGroup;
			children = (
				7C1FC28B2C70CAC300E868F7 /* StringDebouncer.swift */,
				7C9ABB6D2C6F7D9700C55EC8 /* ImageLoader.swift */,
				7C1FC2942C70F7EF00E868F7 /* ValueSubscriber.swift */,
			);
			path = Helpers;
			sourceTree = "<group>";
		};
		7C9ABB772C6F9AC600C55EC8 /* Components */ = {
			isa = PBXGroup;
			children = (
				7C9ABB782C6F9AE500C55EC8 /* AsyncImageView.swift */,
			);
			path = Components;
			sourceTree = "<group>";
		};
/* End PBXGroup section */

/* Begin PBXNativeTarget section */
		7C6319072C6E1606009FCFDE /* MovieChallange */ = {
			isa = PBXNativeTarget;
			buildConfigurationList = 7C6319322C6E1608009FCFDE /* Build configuration list for PBXNativeTarget "MovieChallange" */;
			buildPhases = (
				7C6319042C6E1606009FCFDE /* Sources */,
				7C6319052C6E1606009FCFDE /* Frameworks */,
				7C6319062C6E1606009FCFDE /* Resources */,
			);
			buildRules = (
			);
			dependencies = (
			);
			name = MovieChallange;
			packageProductDependencies = (
			);
			productName = MovieChallange;
			productReference = 7C6319082C6E1606009FCFDE /* MovieChallange.app */;
			productType = "com.apple.product-type.application";
		};
		7C63191D2C6E1608009FCFDE /* MovieChallangeTests */ = {
			isa = PBXNativeTarget;
			buildConfigurationList = 7C6319352C6E1608009FCFDE /* Build configuration list for PBXNativeTarget "MovieChallangeTests" */;
			buildPhases = (
				7C63191A2C6E1608009FCFDE /* Sources */,
				7C63191B2C6E1608009FCFDE /* Frameworks */,
				7C63191C2C6E1608009FCFDE /* Resources */,
			);
			buildRules = (
			);
			dependencies = (
				7C6319202C6E1608009FCFDE /* PBXTargetDependency */,
			);
			name = MovieChallangeTests;
			productName = MovieChallangeTests;
			productReference = 7C63191E2C6E1608009FCFDE /* MovieChallangeTests.xctest */;
			productType = "com.apple.product-type.bundle.unit-test";
		};
/* End PBXNativeTarget section */

/* Begin PBXProject section */
		7C6319002C6E1606009FCFDE /* Project object */ = {
			isa = PBXProject;
			attributes = {
				BuildIndependentTargetsInParallel = 1;
				LastSwiftUpdateCheck = 1540;
				LastUpgradeCheck = 1540;
				TargetAttributes = {
					7C6319072C6E1606009FCFDE = {
						CreatedOnToolsVersion = 15.4;
					};
					7C63191D2C6E1608009FCFDE = {
						CreatedOnToolsVersion = 15.4;
						TestTargetID = 7C6319072C6E1606009FCFDE;
					};
				};
			};
			buildConfigurationList = 7C6319032C6E1606009FCFDE /* Build configuration list for PBXProject "MovieChallange" */;
			compatibilityVersion = "Xcode 14.0";
			developmentRegion = en;
			hasScannedForEncodings = 0;
			knownRegions = (
				en,
				Base,
			);
			mainGroup = 7C6318FF2C6E1606009FCFDE;
			productRefGroup = 7C6319092C6E1606009FCFDE /* Products */;
			projectDirPath = "";
			projectRoot = "";
			targets = (
				7C6319072C6E1606009FCFDE /* MovieChallange */,
				7C63191D2C6E1608009FCFDE /* MovieChallangeTests */,
			);
		};
/* End PBXProject section */

/* Begin PBXResourcesBuildPhase section */
		7C6319062C6E1606009FCFDE /* Resources */ = {
			isa = PBXResourcesBuildPhase;
			buildActionMask = 2147483647;
			files = (
				7C6319152C6E1607009FCFDE /* Assets.xcassets in Resources */,
				7C6319182C6E1607009FCFDE /* Base in Resources */,
			);
			runOnlyForDeploymentPostprocessing = 0;
		};
		7C63191C2C6E1608009FCFDE /* Resources */ = {
			isa = PBXResourcesBuildPhase;
			buildActionMask = 2147483647;
			files = (
				7C1E49AE2C711ABD00082C98 /* star_search_result_second.json in Resources */,
				7C9ABB5E2C6F725D00C55EC8 /* star_search_result_first.json in Resources */,
			);
			runOnlyForDeploymentPostprocessing = 0;
		};
/* End PBXResourcesBuildPhase section */

/* Begin PBXSourcesBuildPhase section */
		7C6319042C6E1606009FCFDE /* Sources */ = {
			isa = PBXSourcesBuildPhase;
			buildActionMask = 2147483647;
			files = (
				7C9ABB732C6F8E6D00C55EC8 /* OMDbMovie+Preview.swift in Sources */,
				7C1FC2952C70F7EF00E868F7 /* ValueSubscriber.swift in Sources */,
				7C6319812C6E3955009FCFDE /* TotalResultsResponse.swift in Sources */,
				7C6319722C6E30E8009FCFDE /* DataDecoder.swift in Sources */,
				7C1FC28C2C70CAC300E868F7 /* StringDebouncer.swift in Sources */,
				7C63190C2C6E1606009FCFDE /* AppDelegate.swift in Sources */,
				7C63197F2C6E393A009FCFDE /* StatusResponse.swift in Sources */,
				7C63198E2C6E3C3E009FCFDE /* OMDbSearchRepo.swift in Sources */,
				7C9ABB6A2C6F7BB500C55EC8 /* HorizontalMovieCollectionViewController.swift in Sources */,
				7C1FC2932C70F41600E868F7 /* MovileDetailViewController.swift in Sources */,
				7C63198B2C6E3BC0009FCFDE /* ConvertableToDictionary.swift in Sources */,
				7C6319732C6E30E8009FCFDE /* NetworkClient.swift in Sources */,
				7C63197C2C6E37B1009FCFDE /* OMDbMovie.swift in Sources */,
				7C6319742C6E30E8009FCFDE /* NetworkError.swift in Sources */,
				7C1FC2832C70C06400E868F7 /* OMDbAPI.swift in Sources */,
				7C9ABB6E2C6F7D9700C55EC8 /* ImageLoader.swift in Sources */,
				7C1FC2862C70C17700E868F7 /* OMDbParamsCreator.swift in Sources */,
				7C85EF332C71652000413901 /* MainViewController.swift in Sources */,
				7C1E49A02C710F4900082C98 /* MovieCellProtocol.swift in Sources */,
				7C63197A2C6E33F3009FCFDE /* OMDbResponse.swift in Sources */,
				7C6319862C6E39FF009FCFDE /* OMDbSearchParams.swift in Sources */,
				7C9ABB712C6F8C7200C55EC8 /* OMDbSearchResponse+Preview.swift in Sources */,
				7C1FC28A2C70C6BF00E868F7 /* OMDbSearchRepo+Preview.swift in Sources */,
				7C9ABB7B2C6F9B3E00C55EC8 /* MovieTableViewController.swift in Sources */,
				7C6319892C6E3B05009FCFDE /* URL+Query.swift in Sources */,
				7C9ABB6C2C6F7BD900C55EC8 /* HorizontalMovieCell.swift in Sources */,
				7C1FC2912C70E85C00E868F7 /* UIViewController+ShowError.swift in Sources */,
				7C6319842C6E39AD009FCFDE /* OMDbAPIConstants.swift in Sources */,
				7C9ABB792C6F9AE500C55EC8 /* AsyncImageView.swift in Sources */,
				7C9ABB7D2C6F9B7800C55EC8 /* MovieTableViewCell.swift in Sources */,
				7C1FC2812C70BBA200E868F7 /* MovieSearchViewModel.swift in Sources */,
			);
			runOnlyForDeploymentPostprocessing = 0;
		};
		7C63191A2C6E1608009FCFDE /* Sources */ = {
			isa = PBXSourcesBuildPhase;
			buildActionMask = 2147483647;
			files = (
				7C63196C2C6E30B2009FCFDE /* MockedModel.swift in Sources */,
				7C85EF2D2C715A2200413901 /* MovieTableViewControllerTests.swift in Sources */,
				7C63196A2C6E30B2009FCFDE /* MockedURLService.swift in Sources */,
				7C63196B2C6E30B2009FCFDE /* NetworkingTests.swift in Sources */,
				7C9ABB652C6F736100C55EC8 /* OMDbSearchRepoTests.swift in Sources */,
				7C1E49B12C7121A000082C98 /* OMDbAPIFailingTests.swift in Sources */,
				7C9ABB612C6F72A300C55EC8 /* OMDbSearchResponse+Mock.swift in Sources */,
				7C9ABB632C6F72DC00C55EC8 /* MockError.swift in Sources */,
				7C1E49AB2C711A2800082C98 /* MovieSearchViewModelTests.swift in Sources */,
				7C1E49A62C71176F00082C98 /* StringDebouncerTests.swift in Sources */,
				7C1E49B42C7122FF00082C98 /* OMDbAPITests.swift in Sources */,
				7C85EF2F2C71647200413901 /* HorizontalMovieCollectionViewControllerTests.swift in Sources */,
				7C9ABB672C6F73F300C55EC8 /* OMDbSearchRepo+Mock.swift in Sources */,
				7C1E49A82C71191200082C98 /* ValueSubscriberTests.swift in Sources */,
			);
			runOnlyForDeploymentPostprocessing = 0;
		};
/* End PBXSourcesBuildPhase section */

/* Begin PBXTargetDependency section */
		7C6319202C6E1608009FCFDE /* PBXTargetDependency */ = {
			isa = PBXTargetDependency;
			target = 7C6319072C6E1606009FCFDE /* MovieChallange */;
			targetProxy = 7C63191F2C6E1608009FCFDE /* PBXContainerItemProxy */;
		};
/* End PBXTargetDependency section */

/* Begin PBXVariantGroup section */
		7C6319162C6E1607009FCFDE /* LaunchScreen.storyboard */ = {
			isa = PBXVariantGroup;
			children = (
				7C6319172C6E1607009FCFDE /* Base */,
			);
			name = LaunchScreen.storyboard;
			sourceTree = "<group>";
		};
/* End PBXVariantGroup section */

/* Begin XCBuildConfiguration section */
		7C6319302C6E1608009FCFDE /* Debug */ = {
			isa = XCBuildConfiguration;
			buildSettings = {
				ALWAYS_SEARCH_USER_PATHS = NO;
				ASSETCATALOG_COMPILER_GENERATE_SWIFT_ASSET_SYMBOL_EXTENSIONS = YES;
				CLANG_ANALYZER_NONNULL = YES;
				CLANG_ANALYZER_NUMBER_OBJECT_CONVERSION = YES_AGGRESSIVE;
				CLANG_CXX_LANGUAGE_STANDARD = "gnu++20";
				CLANG_ENABLE_MODULES = YES;
				CLANG_ENABLE_OBJC_ARC = YES;
				CLANG_ENABLE_OBJC_WEAK = YES;
				CLANG_WARN_BLOCK_CAPTURE_AUTORELEASING = YES;
				CLANG_WARN_BOOL_CONVERSION = YES;
				CLANG_WARN_COMMA = YES;
				CLANG_WARN_CONSTANT_CONVERSION = YES;
				CLANG_WARN_DEPRECATED_OBJC_IMPLEMENTATIONS = YES;
				CLANG_WARN_DIRECT_OBJC_ISA_USAGE = YES_ERROR;
				CLANG_WARN_DOCUMENTATION_COMMENTS = YES;
				CLANG_WARN_EMPTY_BODY = YES;
				CLANG_WARN_ENUM_CONVERSION = YES;
				CLANG_WARN_INFINITE_RECURSION = YES;
				CLANG_WARN_INT_CONVERSION = YES;
				CLANG_WARN_NON_LITERAL_NULL_CONVERSION = YES;
				CLANG_WARN_OBJC_IMPLICIT_RETAIN_SELF = YES;
				CLANG_WARN_OBJC_LITERAL_CONVERSION = YES;
				CLANG_WARN_OBJC_ROOT_CLASS = YES_ERROR;
				CLANG_WARN_QUOTED_INCLUDE_IN_FRAMEWORK_HEADER = YES;
				CLANG_WARN_RANGE_LOOP_ANALYSIS = YES;
				CLANG_WARN_STRICT_PROTOTYPES = YES;
				CLANG_WARN_SUSPICIOUS_MOVE = YES;
				CLANG_WARN_UNGUARDED_AVAILABILITY = YES_AGGRESSIVE;
				CLANG_WARN_UNREACHABLE_CODE = YES;
				CLANG_WARN__DUPLICATE_METHOD_MATCH = YES;
				COPY_PHASE_STRIP = NO;
				DEBUG_INFORMATION_FORMAT = dwarf;
				ENABLE_STRICT_OBJC_MSGSEND = YES;
				ENABLE_TESTABILITY = YES;
				ENABLE_USER_SCRIPT_SANDBOXING = YES;
				GCC_C_LANGUAGE_STANDARD = gnu17;
				GCC_DYNAMIC_NO_PIC = NO;
				GCC_NO_COMMON_BLOCKS = YES;
				GCC_OPTIMIZATION_LEVEL = 0;
				GCC_PREPROCESSOR_DEFINITIONS = (
					"DEBUG=1",
					"$(inherited)",
				);
				GCC_WARN_64_TO_32_BIT_CONVERSION = YES;
				GCC_WARN_ABOUT_RETURN_TYPE = YES_ERROR;
				GCC_WARN_UNDECLARED_SELECTOR = YES;
				GCC_WARN_UNINITIALIZED_AUTOS = YES_AGGRESSIVE;
				GCC_WARN_UNUSED_FUNCTION = YES;
				GCC_WARN_UNUSED_VARIABLE = YES;
				IPHONEOS_DEPLOYMENT_TARGET = 11.0;
				LOCALIZATION_PREFERS_STRING_CATALOGS = YES;
				MTL_ENABLE_DEBUG_INFO = INCLUDE_SOURCE;
				MTL_FAST_MATH = YES;
				ONLY_ACTIVE_ARCH = YES;
				SDKROOT = iphoneos;
				SWIFT_ACTIVE_COMPILATION_CONDITIONS = "DEBUG $(inherited)";
				SWIFT_OPTIMIZATION_LEVEL = "-Onone";
			};
			name = Debug;
		};
		7C6319312C6E1608009FCFDE /* Release */ = {
			isa = XCBuildConfiguration;
			buildSettings = {
				ALWAYS_SEARCH_USER_PATHS = NO;
				ASSETCATALOG_COMPILER_GENERATE_SWIFT_ASSET_SYMBOL_EXTENSIONS = YES;
				CLANG_ANALYZER_NONNULL = YES;
				CLANG_ANALYZER_NUMBER_OBJECT_CONVERSION = YES_AGGRESSIVE;
				CLANG_CXX_LANGUAGE_STANDARD = "gnu++20";
				CLANG_ENABLE_MODULES = YES;
				CLANG_ENABLE_OBJC_ARC = YES;
				CLANG_ENABLE_OBJC_WEAK = YES;
				CLANG_WARN_BLOCK_CAPTURE_AUTORELEASING = YES;
				CLANG_WARN_BOOL_CONVERSION = YES;
				CLANG_WARN_COMMA = YES;
				CLANG_WARN_CONSTANT_CONVERSION = YES;
				CLANG_WARN_DEPRECATED_OBJC_IMPLEMENTATIONS = YES;
				CLANG_WARN_DIRECT_OBJC_ISA_USAGE = YES_ERROR;
				CLANG_WARN_DOCUMENTATION_COMMENTS = YES;
				CLANG_WARN_EMPTY_BODY = YES;
				CLANG_WARN_ENUM_CONVERSION = YES;
				CLANG_WARN_INFINITE_RECURSION = YES;
				CLANG_WARN_INT_CONVERSION = YES;
				CLANG_WARN_NON_LITERAL_NULL_CONVERSION = YES;
				CLANG_WARN_OBJC_IMPLICIT_RETAIN_SELF = YES;
				CLANG_WARN_OBJC_LITERAL_CONVERSION = YES;
				CLANG_WARN_OBJC_ROOT_CLASS = YES_ERROR;
				CLANG_WARN_QUOTED_INCLUDE_IN_FRAMEWORK_HEADER = YES;
				CLANG_WARN_RANGE_LOOP_ANALYSIS = YES;
				CLANG_WARN_STRICT_PROTOTYPES = YES;
				CLANG_WARN_SUSPICIOUS_MOVE = YES;
				CLANG_WARN_UNGUARDED_AVAILABILITY = YES_AGGRESSIVE;
				CLANG_WARN_UNREACHABLE_CODE = YES;
				CLANG_WARN__DUPLICATE_METHOD_MATCH = YES;
				COPY_PHASE_STRIP = NO;
				DEBUG_INFORMATION_FORMAT = "dwarf-with-dsym";
				ENABLE_NS_ASSERTIONS = NO;
				ENABLE_STRICT_OBJC_MSGSEND = YES;
				ENABLE_USER_SCRIPT_SANDBOXING = YES;
				GCC_C_LANGUAGE_STANDARD = gnu17;
				GCC_NO_COMMON_BLOCKS = YES;
				GCC_WARN_64_TO_32_BIT_CONVERSION = YES;
				GCC_WARN_ABOUT_RETURN_TYPE = YES_ERROR;
				GCC_WARN_UNDECLARED_SELECTOR = YES;
				GCC_WARN_UNINITIALIZED_AUTOS = YES_AGGRESSIVE;
				GCC_WARN_UNUSED_FUNCTION = YES;
				GCC_WARN_UNUSED_VARIABLE = YES;
				IPHONEOS_DEPLOYMENT_TARGET = 11.0;
				LOCALIZATION_PREFERS_STRING_CATALOGS = YES;
				MTL_ENABLE_DEBUG_INFO = NO;
				MTL_FAST_MATH = YES;
				SDKROOT = iphoneos;
				SWIFT_COMPILATION_MODE = wholemodule;
				VALIDATE_PRODUCT = YES;
			};
			name = Release;
		};
		7C6319332C6E1608009FCFDE /* Debug */ = {
			isa = XCBuildConfiguration;
			buildSettings = {
				ASSETCATALOG_COMPILER_APPICON_NAME = AppIcon;
				ASSETCATALOG_COMPILER_GLOBAL_ACCENT_COLOR_NAME = AccentColor;
				CODE_SIGN_STYLE = Automatic;
				CURRENT_PROJECT_VERSION = 1;
				DEVELOPMENT_TEAM = 3U82SFTT2K;
				GENERATE_INFOPLIST_FILE = YES;
				INFOPLIST_FILE = MovieChallange/Info.plist;
				INFOPLIST_KEY_UIApplicationSupportsIndirectInputEvents = YES;
				INFOPLIST_KEY_UILaunchStoryboardName = LaunchScreen;
				INFOPLIST_KEY_UISupportedInterfaceOrientations_iPad = "UIInterfaceOrientationPortrait UIInterfaceOrientationPortraitUpsideDown UIInterfaceOrientationLandscapeLeft UIInterfaceOrientationLandscapeRight";
				INFOPLIST_KEY_UISupportedInterfaceOrientations_iPhone = "UIInterfaceOrientationPortrait UIInterfaceOrientationLandscapeLeft UIInterfaceOrientationLandscapeRight";
				INFOPLIST_KEY_UIUserInterfaceStyle = Light;
				LD_RUNPATH_SEARCH_PATHS = (
					"$(inherited)",
					"@executable_path/Frameworks",
				);
				MARKETING_VERSION = 1.0;
				OTHER_SWIFT_FLAGS = "";
				PRODUCT_BUNDLE_IDENTIFIER = com.ulassancak.MovieChallange;
				PRODUCT_NAME = "$(TARGET_NAME)";
				SUPPORTED_PLATFORMS = "iphoneos iphonesimulator";
				SUPPORTS_MACCATALYST = NO;
				SUPPORTS_MAC_DESIGNED_FOR_IPHONE_IPAD = NO;
				SUPPORTS_XR_DESIGNED_FOR_IPHONE_IPAD = NO;
				SWIFT_EMIT_LOC_STRINGS = YES;
				SWIFT_VERSION = 5.0;
				TARGETED_DEVICE_FAMILY = "1,2";
				WARNING_CFLAGS = "";
			};
			name = Debug;
		};
		7C6319342C6E1608009FCFDE /* Release */ = {
			isa = XCBuildConfiguration;
			buildSettings = {
				ASSETCATALOG_COMPILER_APPICON_NAME = AppIcon;
				ASSETCATALOG_COMPILER_GLOBAL_ACCENT_COLOR_NAME = AccentColor;
				CODE_SIGN_STYLE = Automatic;
				CURRENT_PROJECT_VERSION = 1;
				DEVELOPMENT_TEAM = 3U82SFTT2K;
				GENERATE_INFOPLIST_FILE = YES;
				INFOPLIST_FILE = MovieChallange/Info.plist;
				INFOPLIST_KEY_UIApplicationSupportsIndirectInputEvents = YES;
				INFOPLIST_KEY_UILaunchStoryboardName = LaunchScreen;
				INFOPLIST_KEY_UISupportedInterfaceOrientations_iPad = "UIInterfaceOrientationPortrait UIInterfaceOrientationPortraitUpsideDown UIInterfaceOrientationLandscapeLeft UIInterfaceOrientationLandscapeRight";
				INFOPLIST_KEY_UISupportedInterfaceOrientations_iPhone = "UIInterfaceOrientationPortrait UIInterfaceOrientationLandscapeLeft UIInterfaceOrientationLandscapeRight";
				INFOPLIST_KEY_UIUserInterfaceStyle = Light;
				LD_RUNPATH_SEARCH_PATHS = (
					"$(inherited)",
					"@executable_path/Frameworks",
				);
				MARKETING_VERSION = 1.0;
				OTHER_SWIFT_FLAGS = "";
				PRODUCT_BUNDLE_IDENTIFIER = com.ulassancak.MovieChallange;
				PRODUCT_NAME = "$(TARGET_NAME)";
				SUPPORTED_PLATFORMS = "iphoneos iphonesimulator";
				SUPPORTS_MACCATALYST = NO;
				SUPPORTS_MAC_DESIGNED_FOR_IPHONE_IPAD = NO;
				SUPPORTS_XR_DESIGNED_FOR_IPHONE_IPAD = NO;
				SWIFT_EMIT_LOC_STRINGS = YES;
				SWIFT_VERSION = 5.0;
				TARGETED_DEVICE_FAMILY = "1,2";
				WARNING_CFLAGS = "";
			};
			name = Release;
		};
		7C6319362C6E1608009FCFDE /* Debug */ = {
			isa = XCBuildConfiguration;
			buildSettings = {
				ALWAYS_EMBED_SWIFT_STANDARD_LIBRARIES = YES;
				BUNDLE_LOADER = "$(TEST_HOST)";
				CODE_SIGN_STYLE = Automatic;
				CURRENT_PROJECT_VERSION = 1;
				DEVELOPMENT_TEAM = 3U82SFTT2K;
				GENERATE_INFOPLIST_FILE = YES;
				IPHONEOS_DEPLOYMENT_TARGET = 17.5;
				MARKETING_VERSION = 1.0;
				PRODUCT_BUNDLE_IDENTIFIER = com.ulassancak.MovieChallangeTests;
				PRODUCT_NAME = "$(TARGET_NAME)";
				SWIFT_EMIT_LOC_STRINGS = NO;
				SWIFT_VERSION = 5.0;
				TARGETED_DEVICE_FAMILY = "1,2";
				TEST_HOST = "$(BUILT_PRODUCTS_DIR)/MovieChallange.app/$(BUNDLE_EXECUTABLE_FOLDER_PATH)/MovieChallange";
			};
			name = Debug;
		};
		7C6319372C6E1608009FCFDE /* Release */ = {
			isa = XCBuildConfiguration;
			buildSettings = {
				ALWAYS_EMBED_SWIFT_STANDARD_LIBRARIES = YES;
				BUNDLE_LOADER = "$(TEST_HOST)";
				CODE_SIGN_STYLE = Automatic;
				CURRENT_PROJECT_VERSION = 1;
				DEVELOPMENT_TEAM = 3U82SFTT2K;
				GENERATE_INFOPLIST_FILE = YES;
				IPHONEOS_DEPLOYMENT_TARGET = 17.5;
				MARKETING_VERSION = 1.0;
				PRODUCT_BUNDLE_IDENTIFIER = com.ulassancak.MovieChallangeTests;
				PRODUCT_NAME = "$(TARGET_NAME)";
				SWIFT_EMIT_LOC_STRINGS = NO;
				SWIFT_VERSION = 5.0;
				TARGETED_DEVICE_FAMILY = "1,2";
				TEST_HOST = "$(BUILT_PRODUCTS_DIR)/MovieChallange.app/$(BUNDLE_EXECUTABLE_FOLDER_PATH)/MovieChallange";
			};
			name = Release;
		};
/* End XCBuildConfiguration section */

/* Begin XCConfigurationList section */
		7C6319032C6E1606009FCFDE /* Build configuration list for PBXProject "MovieChallange" */ = {
			isa = XCConfigurationList;
			buildConfigurations = (
				7C6319302C6E1608009FCFDE /* Debug */,
				7C6319312C6E1608009FCFDE /* Release */,
			);
			defaultConfigurationIsVisible = 0;
			defaultConfigurationName = Release;
		};
		7C6319322C6E1608009FCFDE /* Build configuration list for PBXNativeTarget "MovieChallange" */ = {
			isa = XCConfigurationList;
			buildConfigurations = (
				7C6319332C6E1608009FCFDE /* Debug */,
				7C6319342C6E1608009FCFDE /* Release */,
			);
			defaultConfigurationIsVisible = 0;
			defaultConfigurationName = Release;
		};
		7C6319352C6E1608009FCFDE /* Build configuration list for PBXNativeTarget "MovieChallangeTests" */ = {
			isa = XCConfigurationList;
			buildConfigurations = (
				7C6319362C6E1608009FCFDE /* Debug */,
				7C6319372C6E1608009FCFDE /* Release */,
			);
			defaultConfigurationIsVisible = 0;
			defaultConfigurationName = Release;
		};
/* End XCConfigurationList section */
	};
	rootObject = 7C6319002C6E1606009FCFDE /* Project object */;
}
